
Microsoft Visual Studio Solution File, Format Version 12.00
# Visual Studio Version 17
VisualStudioVersion = 17.14.36518.9 d17.14
MinimumVisualStudioVersion = 10.0.40219.1
Project("{FAE04EC0-301F-11D3-BF4B-00C04F79EFBC}") = "Lab4 Farmacia", "Lab4 Farmacia\Lab4 Farmacia.csproj", "{51B91333-C76C-4B82-A6B5-E29E14E1B337}"
EndProject
Global
	GlobalSection(SolutionConfigurationPlatforms) = preSolution
		Debug|Any CPU = Debug|Any CPU
		Release|Any CPU = Release|Any CPU
	EndGlobalSection
	GlobalSection(ProjectConfigurationPlatforms) = postSolution
		{51B91333-C76C-4B82-A6B5-E29E14E1B337}.Debug|Any CPU.ActiveCfg = Debug|Any CPU
		{51B91333-C76C-4B82-A6B5-E29E14E1B337}.Debug|Any CPU.Build.0 = Debug|Any CPU
		{51B91333-C76C-4B82-A6B5-E29E14E1B337}.Release|Any CPU.ActiveCfg = Release|Any CPU
		{51B91333-C76C-4B82-A6B5-E29E14E1B337}.Release|Any CPU.Build.0 = Release|Any CPU
	EndGlobalSection
	GlobalSection(SolutionProperties) = preSolution
		HideSolutionNode = FALSE
	EndGlobalSection
	GlobalSection(ExtensibilityGlobals) = postSolution
		SolutionGuid = {DE0D133F-3D29-48D3-B4A8-9F45316A3D47}
	EndGlobalSection
EndGlobal
